
Microsoft Visual Studio Solution File, Format Version 12.00
# Visual Studio 15
VisualStudioVersion = 15.0.28307.106
MinimumVisualStudioVersion = 10.0.40219.1
Project("{2150E333-8FDC-42A3-9474-1A3956D46DE8}") = "src", "src", "{71C95CD0-304F-41DC-AC89-00182D4E183F}"
EndProject
Project("{2150E333-8FDC-42A3-9474-1A3956D46DE8}") = "test", "test", "{D98E358F-45C8-40B4-8C75-0878E57982B5}"
EndProject
Project("{FAE04EC0-301F-11D3-BF4B-00C04F79EFBC}") = "Demo.Domain.Tests", "Demo.Domain.Tests\Demo.Domain.Tests.csproj", "{2AE3E000-392F-4930-86C9-52D8D306DAB5}"
EndProject
Project("{FAE04EC0-301F-11D3-BF4B-00C04F79EFBC}") = "Demo.Domain", "Demo.Domain\Demo.Domain.csproj", "{DD9D643F-B336-4330-A81E-F05C62E6B635}"
EndProject
Global
	GlobalSection(SolutionConfigurationPlatforms) = preSolution
		Debug|Any CPU = Debug|Any CPU
		Release|Any CPU = Release|Any CPU
	EndGlobalSection
	GlobalSection(ProjectConfigurationPlatforms) = postSolution
		{2AE3E000-392F-4930-86C9-52D8D306DAB5}.Debug|Any CPU.ActiveCfg = Debug|Any CPU
		{2AE3E000-392F-4930-86C9-52D8D306DAB5}.Debug|Any CPU.Build.0 = Debug|Any CPU
		{2AE3E000-392F-4930-86C9-52D8D306DAB5}.Release|Any CPU.ActiveCfg = Release|Any CPU
		{2AE3E000-392F-4930-86C9-52D8D306DAB5}.Release|Any CPU.Build.0 = Release|Any CPU
		{DD9D643F-B336-4330-A81E-F05C62E6B635}.Debug|Any CPU.ActiveCfg = Debug|Any CPU
		{DD9D643F-B336-4330-A81E-F05C62E6B635}.Debug|Any CPU.Build.0 = Debug|Any CPU
		{DD9D643F-B336-4330-A81E-F05C62E6B635}.Release|Any CPU.ActiveCfg = Release|Any CPU
		{DD9D643F-B336-4330-A81E-F05C62E6B635}.Release|Any CPU.Build.0 = Release|Any CPU
	EndGlobalSection
	GlobalSection(SolutionProperties) = preSolution
		HideSolutionNode = FALSE
	EndGlobalSection
	GlobalSection(NestedProjects) = preSolution
		{2AE3E000-392F-4930-86C9-52D8D306DAB5} = {D98E358F-45C8-40B4-8C75-0878E57982B5}
		{DD9D643F-B336-4330-A81E-F05C62E6B635} = {71C95CD0-304F-41DC-AC89-00182D4E183F}
	EndGlobalSection
	GlobalSection(ExtensibilityGlobals) = postSolution
		SolutionGuid = {7E5BCF06-E7C2-44F2-A5AD-24138F8D7768}
	EndGlobalSection
EndGlobal
